
Microsoft Visual Studio Solution File, Format Version 12.00
# Visual Studio Version 17
VisualStudioVersion = 17.4.33205.214
MinimumVisualStudioVersion = 10.0.40219.1
Project("{FAE04EC0-301F-11D3-BF4B-00C04F79EFBC}") = "SpecFlowCalculator", "SpecFlowCalculator\SpecFlowCalculator.csproj", "{4C04ADA9-0BB7-4150-9678-30CB6F61EE07}"
EndProject
Project("{FAE04EC0-301F-11D3-BF4B-00C04F79EFBC}") = "SpecFlowCalculator.Spec", "SpecFlowCalculator.Spec\SpecFlowCalculator.Spec.csproj", "{1A240CAF-C3BB-409B-B3AE-21168D65E305}"
EndProject
Global
	GlobalSection(SolutionConfigurationPlatforms) = preSolution
		Debug|Any CPU = Debug|Any CPU
		Release|Any CPU = Release|Any CPU
	EndGlobalSection
	GlobalSection(ProjectConfigurationPlatforms) = postSolution
		{4C04ADA9-0BB7-4150-9678-30CB6F61EE07}.Debug|Any CPU.ActiveCfg = Debug|Any CPU
		{4C04ADA9-0BB7-4150-9678-30CB6F61EE07}.Debug|Any CPU.Build.0 = Debug|Any CPU
		{4C04ADA9-0BB7-4150-9678-30CB6F61EE07}.Release|Any CPU.ActiveCfg = Release|Any CPU
		{4C04ADA9-0BB7-4150-9678-30CB6F61EE07}.Release|Any CPU.Build.0 = Release|Any CPU
		{1A240CAF-C3BB-409B-B3AE-21168D65E305}.Debug|Any CPU.ActiveCfg = Debug|Any CPU
		{1A240CAF-C3BB-409B-B3AE-21168D65E305}.Debug|Any CPU.Build.0 = Debug|Any CPU
		{1A240CAF-C3BB-409B-B3AE-21168D65E305}.Release|Any CPU.ActiveCfg = Release|Any CPU
		{1A240CAF-C3BB-409B-B3AE-21168D65E305}.Release|Any CPU.Build.0 = Release|Any CPU
	EndGlobalSection
	GlobalSection(SolutionProperties) = preSolution
		HideSolutionNode = FALSE
	EndGlobalSection
	GlobalSection(ExtensibilityGlobals) = postSolution
		SolutionGuid = {C2AF3B9C-3365-42A7-935D-81D89380E1D7}
	EndGlobalSection
EndGlobal
